// !$*UTF8*$!
{
	archiveVersion = 1;
	classes = {
	};
	objectVersion = 46;
	objects = {

/* Begin PBXBuildFile section */
		5FE188D17C98FB19DB2EBDEA /* libPods-facebook-live-ios-sample.a in Frameworks */ = {isa = PBXBuildFile; fileRef = 6CC262C7E0B6E239CDCA23AE /* libPods-facebook-live-ios-sample.a */; };
		DB40E2301E71567E009E7C74 /* FBSDKLiveStreamService.swift in Sources */ = {isa = PBXBuildFile; fileRef = DB40E22F1E71567E009E7C74 /* FBSDKLiveStreamService.swift */; };
		DB8867BD1E70618D001FBCAC /* HKVideoPreviewLayer.swift in Sources */ = {isa = PBXBuildFile; fileRef = DB8867BC1E70618D001FBCAC /* HKVideoPreviewLayer.swift */; };
		DB9C406E1E70527D00CCBD83 /* AppDelegate.swift in Sources */ = {isa = PBXBuildFile; fileRef = DB9C406D1E70527D00CCBD83 /* AppDelegate.swift */; };
		DB9C40701E70527D00CCBD83 /* HKLiveStreamViewController.swift in Sources */ = {isa = PBXBuildFile; fileRef = DB9C406F1E70527D00CCBD83 /* HKLiveStreamViewController.swift */; };
		DB9C40731E70527D00CCBD83 /* Main.storyboard in Resources */ = {isa = PBXBuildFile; fileRef = DB9C40711E70527D00CCBD83 /* Main.storyboard */; };
		DB9C40751E70527D00CCBD83 /* Assets.xcassets in Resources */ = {isa = PBXBuildFile; fileRef = DB9C40741E70527D00CCBD83 /* Assets.xcassets */; };
		DB9C40781E70527D00CCBD83 /* LaunchScreen.storyboard in Resources */ = {isa = PBXBuildFile; fileRef = DB9C40761E70527D00CCBD83 /* LaunchScreen.storyboard */; };
		DBBBFCFA1E7162DA00CD90AC /* HKLoginButton.swift in Sources */ = {isa = PBXBuildFile; fileRef = DBBBFCF91E7162DA00CD90AC /* HKLoginButton.swift */; };
/* End PBXBuildFile section */

/* Begin PBXFileReference section */
		2B02021FA580E4FBC446761A /* Pods-facebook-live-ios-sample.debug.xcconfig */ = {isa = PBXFileReference; includeInIndex = 1; lastKnownFileType = text.xcconfig; name = "Pods-facebook-live-ios-sample.debug.xcconfig"; path = "Pods/Target Support Files/Pods-facebook-live-ios-sample/Pods-facebook-live-ios-sample.debug.xcconfig"; sourceTree = "<group>"; };
		6CC262C7E0B6E239CDCA23AE /* libPods-facebook-live-ios-sample.a */ = {isa = PBXFileReference; explicitFileType = archive.ar; includeInIndex = 0; path = "libPods-facebook-live-ios-sample.a"; sourceTree = BUILT_PRODUCTS_DIR; };
		BF45F806C5E2FD408C4D0C85 /* Pods-facebook-live-ios-sample.release.xcconfig */ = {isa = PBXFileReference; includeInIndex = 1; lastKnownFileType = text.xcconfig; name = "Pods-facebook-live-ios-sample.release.xcconfig"; path = "Pods/Target Support Files/Pods-facebook-live-ios-sample/Pods-facebook-live-ios-sample.release.xcconfig"; sourceTree = "<group>"; };
		DB40E22F1E71567E009E7C74 /* FBSDKLiveStreamService.swift */ = {isa = PBXFileReference; fileEncoding = 4; lastKnownFileType = sourcecode.swift; path = FBSDKLiveStreamService.swift; sourceTree = "<group>"; };
		DB8867B91E705956001FBCAC /* facebook-live-ios-sample-Bridging-Header.h */ = {isa = PBXFileReference; lastKnownFileType = sourcecode.c.h; path = "facebook-live-ios-sample-Bridging-Header.h"; sourceTree = SOURCE_ROOT; };
		DB8867BC1E70618D001FBCAC /* HKVideoPreviewLayer.swift */ = {isa = PBXFileReference; fileEncoding = 4; lastKnownFileType = sourcecode.swift; path = HKVideoPreviewLayer.swift; sourceTree = "<group>"; };
		DB9C406A1E70527D00CCBD83 /* facebook-live-ios-sample.app */ = {isa = PBXFileReference; explicitFileType = wrapper.application; includeInIndex = 0; path = "facebook-live-ios-sample.app"; sourceTree = BUILT_PRODUCTS_DIR; };
		DB9C406D1E70527D00CCBD83 /* AppDelegate.swift */ = {isa = PBXFileReference; lastKnownFileType = sourcecode.swift; path = AppDelegate.swift; sourceTree = "<group>"; };
		DB9C406F1E70527D00CCBD83 /* HKLiveStreamViewController.swift */ = {isa = PBXFileReference; lastKnownFileType = sourcecode.swift; path = HKLiveStreamViewController.swift; sourceTree = "<group>"; };
		DB9C40721E70527D00CCBD83 /* Base */ = {isa = PBXFileReference; lastKnownFileType = file.storyboard; name = Base; path = Base.lproj/Main.storyboard; sourceTree = "<group>"; };
		DB9C40741E70527D00CCBD83 /* Assets.xcassets */ = {isa = PBXFileReference; lastKnownFileType = folder.assetcatalog; path = Assets.xcassets; sourceTree = "<group>"; };
		DB9C40771E70527D00CCBD83 /* Base */ = {isa = PBXFileReference; lastKnownFileType = file.storyboard; name = Base; path = Base.lproj/LaunchScreen.storyboard; sourceTree = "<group>"; };
		DB9C40791E70527D00CCBD83 /* Info.plist */ = {isa = PBXFileReference; lastKnownFileType = text.plist.xml; path = Info.plist; sourceTree = "<group>"; };
		DB9C407F1E70559F00CCBD83 /* facebook-live-ios-sample.entitlements */ = {isa = PBXFileReference; lastKnownFileType = text.plist.entitlements; path = "facebook-live-ios-sample.entitlements"; sourceTree = "<group>"; };
		DBBBFCF91E7162DA00CD90AC /* HKLoginButton.swift */ = {isa = PBXFileReference; fileEncoding = 4; lastKnownFileType = sourcecode.swift; path = HKLoginButton.swift; sourceTree = "<group>"; };
		DBBBFCFB1E7166E100CD90AC /* de */ = {isa = PBXFileReference; lastKnownFileType = text.plist.strings; name = de; path = de.lproj/Main.strings; sourceTree = "<group>"; };
		DBBBFCFC1E7166E100CD90AC /* de */ = {isa = PBXFileReference; lastKnownFileType = text.plist.strings; name = de; path = de.lproj/LaunchScreen.strings; sourceTree = "<group>"; };
/* End PBXFileReference section */

/* Begin PBXFrameworksBuildPhase section */
		DB9C40671E70527D00CCBD83 /* Frameworks */ = {
			isa = PBXFrameworksBuildPhase;
			buildActionMask = 2147483647;
			files = (
				5FE188D17C98FB19DB2EBDEA /* libPods-facebook-live-ios-sample.a in Frameworks */,
			);
			runOnlyForDeploymentPostprocessing = 0;
		};
/* End PBXFrameworksBuildPhase section */

/* Begin PBXGroup section */
		8C8D5D6C4F7A4A5BE8BB6845 /* Frameworks */ = {
			isa = PBXGroup;
			children = (
				6CC262C7E0B6E239CDCA23AE /* libPods-facebook-live-ios-sample.a */,
			);
			name = Frameworks;
			sourceTree = "<group>";
		};
		B899DF51AB4E2E0637E0AE01 /* Pods */ = {
			isa = PBXGroup;
			children = (
				2B02021FA580E4FBC446761A /* Pods-facebook-live-ios-sample.debug.xcconfig */,
				BF45F806C5E2FD408C4D0C85 /* Pods-facebook-live-ios-sample.release.xcconfig */,
			);
			name = Pods;
			sourceTree = "<group>";
		};
		DB9C40611E70527D00CCBD83 = {
			isa = PBXGroup;
			children = (
				DB9C406C1E70527D00CCBD83 /* facebook-live-ios-sample */,
				DB9C406B1E70527D00CCBD83 /* Products */,
				B899DF51AB4E2E0637E0AE01 /* Pods */,
				8C8D5D6C4F7A4A5BE8BB6845 /* Frameworks */,
			);
			sourceTree = "<group>";
		};
		DB9C406B1E70527D00CCBD83 /* Products */ = {
			isa = PBXGroup;
			children = (
				DB9C406A1E70527D00CCBD83 /* facebook-live-ios-sample.app */,
			);
			name = Products;
			sourceTree = "<group>";
		};
		DB9C406C1E70527D00CCBD83 /* facebook-live-ios-sample */ = {
			isa = PBXGroup;
			children = (
				DB9C40811E7055BE00CCBD83 /* Classes */,
				DB9C40801E7055AC00CCBD83 /* Resources */,
			);
			path = "facebook-live-ios-sample";
			sourceTree = "<group>";
		};
		DB9C40801E7055AC00CCBD83 /* Resources */ = {
			isa = PBXGroup;
			children = (
				DB9C40711E70527D00CCBD83 /* Main.storyboard */,
				DB9C40761E70527D00CCBD83 /* LaunchScreen.storyboard */,
				DB9C40791E70527D00CCBD83 /* Info.plist */,
				DB9C407F1E70559F00CCBD83 /* facebook-live-ios-sample.entitlements */,
				DB8867B91E705956001FBCAC /* facebook-live-ios-sample-Bridging-Header.h */,
				DB9C40741E70527D00CCBD83 /* Assets.xcassets */,
			);
			name = Resources;
			sourceTree = "<group>";
		};
		DB9C40811E7055BE00CCBD83 /* Classes */ = {
			isa = PBXGroup;
			children = (
				DB9C406D1E70527D00CCBD83 /* AppDelegate.swift */,
				DBBBFCF91E7162DA00CD90AC /* HKLoginButton.swift */,
				DB8867BC1E70618D001FBCAC /* HKVideoPreviewLayer.swift */,
				DB9C406F1E70527D00CCBD83 /* HKLiveStreamViewController.swift */,
				DB40E22F1E71567E009E7C74 /* FBSDKLiveStreamService.swift */,
			);
			name = Classes;
			sourceTree = "<group>";
		};
/* End PBXGroup section */

/* Begin PBXNativeTarget section */
		DB9C40691E70527D00CCBD83 /* facebook-live-ios-sample */ = {
			isa = PBXNativeTarget;
			buildConfigurationList = DB9C407C1E70527D00CCBD83 /* Build configuration list for PBXNativeTarget "facebook-live-ios-sample" */;
			buildPhases = (
				45F0C3BA49E1BBD0F67BFE54 /* [CP] Check Pods Manifest.lock */,
				DB9C40661E70527D00CCBD83 /* Sources */,
				DB9C40671E70527D00CCBD83 /* Frameworks */,
				DB9C40681E70527D00CCBD83 /* Resources */,
				0D7B2B9114A3D993AB8A9227 /* [CP] Embed Pods Frameworks */,
				D47F00F7E04A1123398BAB72 /* [CP] Copy Pods Resources */,
			);
			buildRules = (
			);
			dependencies = (
			);
			name = "facebook-live-ios-sample";
			productName = "facebook-live-ios-sample";
			productReference = DB9C406A1E70527D00CCBD83 /* facebook-live-ios-sample.app */;
			productType = "com.apple.product-type.application";
		};
/* End PBXNativeTarget section */

/* Begin PBXProject section */
		DB9C40621E70527D00CCBD83 /* Project object */ = {
			isa = PBXProject;
			attributes = {
				LastSwiftUpdateCheck = 0820;
				LastUpgradeCheck = 0820;
				ORGANIZATIONNAME = "Hans Knoechel";
				TargetAttributes = {
					DB9C40691E70527D00CCBD83 = {
						CreatedOnToolsVersion = 8.2.1;
						DevelopmentTeam = 6K4KHD4NQF;
						LastSwiftMigration = 0830;
						ProvisioningStyle = Automatic;
						SystemCapabilities = {
							com.apple.Keychain = {
								enabled = 1;
							};
						};
					};
				};
			};
			buildConfigurationList = DB9C40651E70527D00CCBD83 /* Build configuration list for PBXProject "facebook-live-ios-sample" */;
			compatibilityVersion = "Xcode 3.2";
			developmentRegion = English;
			hasScannedForEncodings = 0;
			knownRegions = (
				en,
				Base,
			);
			mainGroup = DB9C40611E70527D00CCBD83;
			productRefGroup = DB9C406B1E70527D00CCBD83 /* Products */;
			projectDirPath = "";
			projectRoot = "";
			targets = (
				DB9C40691E70527D00CCBD83 /* facebook-live-ios-sample */,
			);
		};
/* End PBXProject section */

/* Begin PBXResourcesBuildPhase section */
		DB9C40681E70527D00CCBD83 /* Resources */ = {
			isa = PBXResourcesBuildPhase;
			buildActionMask = 2147483647;
			files = (
				DB9C40781E70527D00CCBD83 /* LaunchScreen.storyboard in Resources */,
				DB9C40751E70527D00CCBD83 /* Assets.xcassets in Resources */,
				DB9C40731E70527D00CCBD83 /* Main.storyboard in Resources */,
			);
			runOnlyForDeploymentPostprocessing = 0;
		};
/* End PBXResourcesBuildPhase section */

/* Begin PBXShellScriptBuildPhase section */
		0D7B2B9114A3D993AB8A9227 /* [CP] Embed Pods Frameworks */ = {
			isa = PBXShellScriptBuildPhase;
			buildActionMask = 2147483647;
			files = (
			);
			inputPaths = (
			);
			name = "[CP] Embed Pods Frameworks";
			outputPaths = (
			);
			runOnlyForDeploymentPostprocessing = 0;
			shellPath = /bin/sh;
			shellScript = "\"${SRCROOT}/Pods/Target Support Files/Pods-facebook-live-ios-sample/Pods-facebook-live-ios-sample-frameworks.sh\"\n";
			showEnvVarsInLog = 0;
		};
		45F0C3BA49E1BBD0F67BFE54 /* [CP] Check Pods Manifest.lock */ = {
			isa = PBXShellScriptBuildPhase;
			buildActionMask = 2147483647;
			files = (
			);
			inputPaths = (
			);
			name = "[CP] Check Pods Manifest.lock";
			outputPaths = (
			);
			runOnlyForDeploymentPostprocessing = 0;
			shellPath = /bin/sh;
			shellScript = "diff \"${PODS_ROOT}/../Podfile.lock\" \"${PODS_ROOT}/Manifest.lock\" > /dev/null\nif [ $? != 0 ] ; then\n    # print error to STDERR\n    echo \"error: The sandbox is not in sync with the Podfile.lock. Run 'pod install' or update your CocoaPods installation.\" >&2\n    exit 1\nfi\n";
			showEnvVarsInLog = 0;
		};
		D47F00F7E04A1123398BAB72 /* [CP] Copy Pods Resources */ = {
			isa = PBXShellScriptBuildPhase;
			buildActionMask = 2147483647;
			files = (
			);
			inputPaths = (
			);
			name = "[CP] Copy Pods Resources";
			outputPaths = (
			);
			runOnlyForDeploymentPostprocessing = 0;
			shellPath = /bin/sh;
			shellScript = "\"${SRCROOT}/Pods/Target Support Files/Pods-facebook-live-ios-sample/Pods-facebook-live-ios-sample-resources.sh\"\n";
			showEnvVarsInLog = 0;
		};
/* End PBXShellScriptBuildPhase section */

/* Begin PBXSourcesBuildPhase section */
		DB9C40661E70527D00CCBD83 /* Sources */ = {
			isa = PBXSourcesBuildPhase;
			buildActionMask = 2147483647;
			files = (
				DB9C40701E70527D00CCBD83 /* HKLiveStreamViewController.swift in Sources */,
				DB8867BD1E70618D001FBCAC /* HKVideoPreviewLayer.swift in Sources */,
				DB40E2301E71567E009E7C74 /* FBSDKLiveStreamService.swift in Sources */,
				DBBBFCFA1E7162DA00CD90AC /* HKLoginButton.swift in Sources */,
				DB9C406E1E70527D00CCBD83 /* AppDelegate.swift in Sources */,
			);
			runOnlyForDeploymentPostprocessing = 0;
		};
/* End PBXSourcesBuildPhase section */

/* Begin PBXVariantGroup section */
		DB9C40711E70527D00CCBD83 /* Main.storyboard */ = {
			isa = PBXVariantGroup;
			children = (
				DB9C40721E70527D00CCBD83 /* Base */,
				DBBBFCFB1E7166E100CD90AC /* de */,
			);
			name = Main.storyboard;
			sourceTree = "<group>";
		};
		DB9C40761E70527D00CCBD83 /* LaunchScreen.storyboard */ = {
			isa = PBXVariantGroup;
			children = (
				DB9C40771E70527D00CCBD83 /* Base */,
				DBBBFCFC1E7166E100CD90AC /* de */,
			);
			name = LaunchScreen.storyboard;
			sourceTree = "<group>";
		};
/* End PBXVariantGroup section */

/* Begin XCBuildConfiguration section */
		DB9C407A1E70527D00CCBD83 /* Debug */ = {
			isa = XCBuildConfiguration;
			buildSettings = {
				ALWAYS_SEARCH_USER_PATHS = NO;
				CLANG_ANALYZER_LOCALIZABILITY_NONLOCALIZED = YES;
				CLANG_ANALYZER_NONNULL = YES;
				CLANG_CXX_LANGUAGE_STANDARD = "gnu++0x";
				CLANG_CXX_LIBRARY = "libc++";
				CLANG_ENABLE_MODULES = YES;
				CLANG_ENABLE_OBJC_ARC = YES;
				CLANG_WARN_BOOL_CONVERSION = YES;
				CLANG_WARN_CONSTANT_CONVERSION = YES;
				CLANG_WARN_DIRECT_OBJC_ISA_USAGE = YES_ERROR;
				CLANG_WARN_DOCUMENTATION_COMMENTS = YES;
				CLANG_WARN_EMPTY_BODY = YES;
				CLANG_WARN_ENUM_CONVERSION = YES;
				CLANG_WARN_INFINITE_RECURSION = YES;
				CLANG_WARN_INT_CONVERSION = YES;
				CLANG_WARN_OBJC_ROOT_CLASS = YES_ERROR;
				CLANG_WARN_SUSPICIOUS_MOVE = YES;
				CLANG_WARN_UNREACHABLE_CODE = YES;
				CLANG_WARN__DUPLICATE_METHOD_MATCH = YES;
				"CODE_SIGN_IDENTITY[sdk=iphoneos*]" = "iPhone Developer";
				COPY_PHASE_STRIP = NO;
				DEBUG_INFORMATION_FORMAT = dwarf;
				ENABLE_STRICT_OBJC_MSGSEND = YES;
				ENABLE_TESTABILITY = YES;
				GCC_C_LANGUAGE_STANDARD = gnu99;
				GCC_DYNAMIC_NO_PIC = NO;
				GCC_NO_COMMON_BLOCKS = YES;
				GCC_OPTIMIZATION_LEVEL = 0;
				GCC_PREPROCESSOR_DEFINITIONS = (
					"DEBUG=1",
					"$(inherited)",
				);
				GCC_WARN_64_TO_32_BIT_CONVERSION = YES;
				GCC_WARN_ABOUT_RETURN_TYPE = YES_ERROR;
				GCC_WARN_UNDECLARED_SELECTOR = YES;
				GCC_WARN_UNINITIALIZED_AUTOS = YES_AGGRESSIVE;
				GCC_WARN_UNUSED_FUNCTION = YES;
				GCC_WARN_UNUSED_VARIABLE = YES;
				IPHONEOS_DEPLOYMENT_TARGET = 10.2;
				MTL_ENABLE_DEBUG_INFO = YES;
				ONLY_ACTIVE_ARCH = YES;
				SDKROOT = iphoneos;
				SWIFT_ACTIVE_COMPILATION_CONDITIONS = DEBUG;
				SWIFT_OPTIMIZATION_LEVEL = "-Onone";
				TARGETED_DEVICE_FAMILY = "1,2";
			};
			name = Debug;
		};
		DB9C407B1E70527D00CCBD83 /* Release */ = {
			isa = XCBuildConfiguration;
			buildSettings = {
				ALWAYS_SEARCH_USER_PATHS = NO;
				CLANG_ANALYZER_LOCALIZABILITY_NONLOCALIZED = YES;
				CLANG_ANALYZER_NONNULL = YES;
				CLANG_CXX_LANGUAGE_STANDARD = "gnu++0x";
				CLANG_CXX_LIBRARY = "libc++";
				CLANG_ENABLE_MODULES = YES;
				CLANG_ENABLE_OBJC_ARC = YES;
				CLANG_WARN_BOOL_CONVERSION = YES;
				CLANG_WARN_CONSTANT_CONVERSION = YES;
				CLANG_WARN_DIRECT_OBJC_ISA_USAGE = YES_ERROR;
				CLANG_WARN_DOCUMENTATION_COMMENTS = YES;
				CLANG_WARN_EMPTY_BODY = YES;
				CLANG_WARN_ENUM_CONVERSION = YES;
				CLANG_WARN_INFINITE_RECURSION = YES;
				CLANG_WARN_INT_CONVERSION = YES;
				CLANG_WARN_OBJC_ROOT_CLASS = YES_ERROR;
				CLANG_WARN_SUSPICIOUS_MOVE = YES;
				CLANG_WARN_UNREACHABLE_CODE = YES;
				CLANG_WARN__DUPLICATE_METHOD_MATCH = YES;
				"CODE_SIGN_IDENTITY[sdk=iphoneos*]" = "iPhone Developer";
				COPY_PHASE_STRIP = NO;
				DEBUG_INFORMATION_FORMAT = "dwarf-with-dsym";
				ENABLE_NS_ASSERTIONS = NO;
				ENABLE_STRICT_OBJC_MSGSEND = YES;
				GCC_C_LANGUAGE_STANDARD = gnu99;
				GCC_NO_COMMON_BLOCKS = YES;
				GCC_WARN_64_TO_32_BIT_CONVERSION = YES;
				GCC_WARN_ABOUT_RETURN_TYPE = YES_ERROR;
				GCC_WARN_UNDECLARED_SELECTOR = YES;
				GCC_WARN_UNINITIALIZED_AUTOS = YES_AGGRESSIVE;
				GCC_WARN_UNUSED_FUNCTION = YES;
				GCC_WARN_UNUSED_VARIABLE = YES;
				IPHONEOS_DEPLOYMENT_TARGET = 10.2;
				MTL_ENABLE_DEBUG_INFO = NO;
				SDKROOT = iphoneos;
				SWIFT_OPTIMIZATION_LEVEL = "-Owholemodule";
				TARGETED_DEVICE_FAMILY = "1,2";
				VALIDATE_PRODUCT = YES;
			};
			name = Release;
		};
		DB9C407D1E70527D00CCBD83 /* Debug */ = {
			isa = XCBuildConfiguration;
			baseConfigurationReference = 2B02021FA580E4FBC446761A /* Pods-facebook-live-ios-sample.debug.xcconfig */;
			buildSettings = {
				ASSETCATALOG_COMPILER_APPICON_NAME = AppIcon;
				CLANG_ENABLE_MODULES = YES;
				CODE_SIGN_ENTITLEMENTS = "facebook-live-ios-sample/facebook-live-ios-sample.entitlements";
				DEVELOPMENT_TEAM = 6K4KHD4NQF;
				INFOPLIST_FILE = "facebook-live-ios-sample/Info.plist";
				LD_RUNPATH_SEARCH_PATHS = "$(inherited) @executable_path/Frameworks";
				PRODUCT_BUNDLE_IDENTIFIER = "de.hansknoechel.facebook-live-ios-sample";
				PRODUCT_NAME = "$(TARGET_NAME)";
				SWIFT_OBJC_BRIDGING_HEADER = "facebook-live-ios-sample-Bridging-Header.h";
				SWIFT_OPTIMIZATION_LEVEL = "-Onone";
				SWIFT_VERSION = 3.0;
			};
			name = Debug;
		};
		DB9C407E1E70527D00CCBD83 /* Release */ = {
			isa = XCBuildConfiguration;
			baseConfigurationReference = BF45F806C5E2FD408C4D0C85 /* Pods-facebook-live-ios-sample.release.xcconfig */;
			buildSettings = {
				ASSETCATALOG_COMPILER_APPICON_NAME = AppIcon;
				CLANG_ENABLE_MODULES = YES;
				CODE_SIGN_ENTITLEMENTS = "facebook-live-ios-sample/facebook-live-ios-sample.entitlements";
				DEVELOPMENT_TEAM = 6K4KHD4NQF;
				INFOPLIST_FILE = "facebook-live-ios-sample/Info.plist";
				LD_RUNPATH_SEARCH_PATHS = "$(inherited) @executable_path/Frameworks";
				PRODUCT_BUNDLE_IDENTIFIER = "de.hansknoechel.facebook-live-ios-sample";
				PRODUCT_NAME = "$(TARGET_NAME)";
				SWIFT_OBJC_BRIDGING_HEADER = "facebook-live-ios-sample-Bridging-Header.h";
				SWIFT_VERSION = 3.0;
			};
			name = Release;
		};
/* End XCBuildConfiguration section */

/* Begin XCConfigurationList section */
		DB9C40651E70527D00CCBD83 /* Build configuration list for PBXProject "facebook-live-ios-sample" */ = {
			isa = XCConfigurationList;
			buildConfigurations = (
				DB9C407A1E70527D00CCBD83 /* Debug */,
				DB9C407B1E70527D00CCBD83 /* Release */,
			);
			defaultConfigurationIsVisible = 0;
			defaultConfigurationName = Release;
		};
		DB9C407C1E70527D00CCBD83 /* Build configuration list for PBXNativeTarget "facebook-live-ios-sample" */ = {
			isa = XCConfigurationList;
			buildConfigurations = (
				DB9C407D1E70527D00CCBD83 /* Debug */,
				DB9C407E1E70527D00CCBD83 /* Release */,
			);
			defaultConfigurationIsVisible = 0;
			defaultConfigurationName = Release;
		};
/* End XCConfigurationList section */
	};
	rootObject = DB9C40621E70527D00CCBD83 /* Project object */;
}
